
Microsoft Visual Studio Solution File, Format Version 12.00
# Visual Studio 2012
Project("{FAE04EC0-301F-11D3-BF4B-00C04F79EFBC}") = "RemoteMonitorConsole", "RemoteMonitorConsole\RemoteMonitorConsole.csproj", "{FF5F4415-6F9A-414D-8AE2-258594BF5D68}"
EndProject
Project("{FAE04EC0-301F-11D3-BF4B-00C04F79EFBC}") = "RemoteMonitor", "RemoteMonitor\RemoteMonitor.csproj", "{5F01E62A-7F3F-4647-B873-BEDB1ACDBCB8}"
EndProject
Global
	GlobalSection(SolutionConfigurationPlatforms) = preSolution
		Debug|Any CPU = Debug|Any CPU
		Release|Any CPU = Release|Any CPU
	EndGlobalSection
	GlobalSection(ProjectConfigurationPlatforms) = postSolution
		{FF5F4415-6F9A-414D-8AE2-258594BF5D68}.Debug|Any CPU.ActiveCfg = Debug|Any CPU
		{FF5F4415-6F9A-414D-8AE2-258594BF5D68}.Debug|Any CPU.Build.0 = Debug|Any CPU
		{FF5F4415-6F9A-414D-8AE2-258594BF5D68}.Release|Any CPU.ActiveCfg = Release|Any CPU
		{FF5F4415-6F9A-414D-8AE2-258594BF5D68}.Release|Any CPU.Build.0 = Release|Any CPU
		{5F01E62A-7F3F-4647-B873-BEDB1ACDBCB8}.Debug|Any CPU.ActiveCfg = Debug|Any CPU
		{5F01E62A-7F3F-4647-B873-BEDB1ACDBCB8}.Debug|Any CPU.Build.0 = Debug|Any CPU
		{5F01E62A-7F3F-4647-B873-BEDB1ACDBCB8}.Release|Any CPU.ActiveCfg = Release|Any CPU
		{5F01E62A-7F3F-4647-B873-BEDB1ACDBCB8}.Release|Any CPU.Build.0 = Release|Any CPU
	EndGlobalSection
	GlobalSection(SolutionProperties) = preSolution
		HideSolutionNode = FALSE
	EndGlobalSection
EndGlobal
